
Microsoft Visual Studio Solution File, Format Version 12.00
# Visual Studio Version 17
VisualStudioVersion = 17.1.32228.430
MinimumVisualStudioVersion = 10.0.40219.1
Project("{FAE04EC0-301F-11D3-BF4B-00C04F79EFBC}") = "ScanningTunnelingMicroscope", "ScanningTunnelingMicroscope\ScanningTunnelingMicroscope.csproj", "{E4F48BBE-0BF3-47CE-88EE-40AFDFBD3449}"
EndProject
Global
	GlobalSection(SolutionConfigurationPlatforms) = preSolution
		Debug|Any CPU = Debug|Any CPU
		Release|Any CPU = Release|Any CPU
	EndGlobalSection
	GlobalSection(ProjectConfigurationPlatforms) = postSolution
		{E4F48BBE-0BF3-47CE-88EE-40AFDFBD3449}.Debug|Any CPU.ActiveCfg = Debug|Any CPU
		{E4F48BBE-0BF3-47CE-88EE-40AFDFBD3449}.Debug|Any CPU.Build.0 = Debug|Any CPU
		{E4F48BBE-0BF3-47CE-88EE-40AFDFBD3449}.Release|Any CPU.ActiveCfg = Release|Any CPU
		{E4F48BBE-0BF3-47CE-88EE-40AFDFBD3449}.Release|Any CPU.Build.0 = Release|Any CPU
	EndGlobalSection
	GlobalSection(SolutionProperties) = preSolution
		HideSolutionNode = FALSE
	EndGlobalSection
	GlobalSection(ExtensibilityGlobals) = postSolution
		SolutionGuid = {373D3639-CB1A-4282-8234-C22C1F923FB0}
	EndGlobalSection
EndGlobal
